
Microsoft Visual Studio Solution File, Format Version 12.00
Project("{FAE04EC0-301F-11D3-BF4B-00C04F79EFBC}") = "EnglishAssistant", "EnglishAssistant\EnglishAssistant.csproj", "{3EEA9773-E465-4526-B592-63F2683F94CC}"
EndProject
Project("{FAE04EC0-301F-11D3-BF4B-00C04F79EFBC}") = "EnglishAssistant.Tests", "EnglishAssistant.Tests\EnglishAssistant.Tests.csproj", "{4E7306C7-8801-45A5-980E-84A7C631E333}"
EndProject
Global
	GlobalSection(SolutionConfigurationPlatforms) = preSolution
		Debug|Any CPU = Debug|Any CPU
		Release|Any CPU = Release|Any CPU
	EndGlobalSection
	GlobalSection(ProjectConfigurationPlatforms) = postSolution
		{3EEA9773-E465-4526-B592-63F2683F94CC}.Debug|Any CPU.ActiveCfg = Debug|Any CPU
		{3EEA9773-E465-4526-B592-63F2683F94CC}.Debug|Any CPU.Build.0 = Debug|Any CPU
		{3EEA9773-E465-4526-B592-63F2683F94CC}.Release|Any CPU.ActiveCfg = Release|Any CPU
		{3EEA9773-E465-4526-B592-63F2683F94CC}.Release|Any CPU.Build.0 = Release|Any CPU
		{4E7306C7-8801-45A5-980E-84A7C631E333}.Debug|Any CPU.ActiveCfg = Debug|Any CPU
		{4E7306C7-8801-45A5-980E-84A7C631E333}.Debug|Any CPU.Build.0 = Debug|Any CPU
		{4E7306C7-8801-45A5-980E-84A7C631E333}.Release|Any CPU.ActiveCfg = Release|Any CPU
		{4E7306C7-8801-45A5-980E-84A7C631E333}.Release|Any CPU.Build.0 = Release|Any CPU
	EndGlobalSection
EndGlobal
